
Microsoft Visual Studio Solution File, Format Version 12.00
# Visual Studio Version 16
VisualStudioVersion = 16.0.31515.178
MinimumVisualStudioVersion = 10.0.40219.1
Project("{FAE04EC0-301F-11D3-BF4B-00C04F79EFBC}") = "MhEnterPrises", "MhEnterPrises\MhEnterPrises.csproj", "{502CA712-2B4B-4EF7-A4BA-81C9FBC55CF3}"
EndProject
Global
	GlobalSection(SolutionConfigurationPlatforms) = preSolution
		Debug|Any CPU = Debug|Any CPU
		Release|Any CPU = Release|Any CPU
	EndGlobalSection
	GlobalSection(ProjectConfigurationPlatforms) = postSolution
		{502CA712-2B4B-4EF7-A4BA-81C9FBC55CF3}.Debug|Any CPU.ActiveCfg = Debug|Any CPU
		{502CA712-2B4B-4EF7-A4BA-81C9FBC55CF3}.Debug|Any CPU.Build.0 = Debug|Any CPU
		{502CA712-2B4B-4EF7-A4BA-81C9FBC55CF3}.Release|Any CPU.ActiveCfg = Release|Any CPU
		{502CA712-2B4B-4EF7-A4BA-81C9FBC55CF3}.Release|Any CPU.Build.0 = Release|Any CPU
	EndGlobalSection
	GlobalSection(SolutionProperties) = preSolution
		HideSolutionNode = FALSE
	EndGlobalSection
	GlobalSection(ExtensibilityGlobals) = postSolution
		SolutionGuid = {FEF57485-4D55-44F5-9676-D79988987742}
	EndGlobalSection
EndGlobal
